version = 1
revision = 1
requires-python = ">=3.13"

[[package]]
name = "asn1crypto"
version = "1.5.1"
source = { registry = "https://pypi.org/simple" }
sdist = { url = "https://files.pythonhosted.org/packages/de/cf/d547feed25b5244fcb9392e288ff9fdc3280b10260362fc45d37a798a6ee/asn1crypto-1.5.1.tar.gz", hash = "sha256:13ae38502be632115abf8a24cbe5f4da52e3b5231990aff31123c805306ccb9c", size = 121080 }
wheels = [
    { url = "https://files.pythonhosted.org/packages/c9/7f/09065fd9e27da0eda08b4d6897f1c13535066174cc023af248fc2a8d5e5a/asn1crypto-1.5.1-py2.py3-none-any.whl", hash = "sha256:db4e40728b728508912cbb3d44f19ce188f218e9eba635821bb4b68564f8fd67", size = 105045 },
]

[[package]]
name = "fire"
version = "0.7.0"
source = { registry = "https://pypi.org/simple" }
dependencies = [
    { name = "termcolor" },
]
sdist = { url = "https://files.pythonhosted.org/packages/6b/b6/82c7e601d6d3c3278c40b7bd35e17e82aa227f050aa9f66cb7b7fce29471/fire-0.7.0.tar.gz", hash = "sha256:961550f07936eaf65ad1dc8360f2b2bf8408fad46abbfa4d2a3794f8d2a95cdf", size = 87189 }

[[package]]
name = "greenlet"
version = "3.2.1"
source = { registry = "https://pypi.org/simple" }
sdist = { url = "https://files.pythonhosted.org/packages/3f/74/907bb43af91782e0366b0960af62a8ce1f9398e4291cac7beaeffbee0c04/greenlet-3.2.1.tar.gz", hash = "sha256:9f4dd4b4946b14bb3bf038f81e1d2e535b7d94f1b2a59fdba1293cd9c1a0a4d7", size = 184475 }
wheels = [
    { url = "https://files.pythonhosted.org/packages/77/2a/581b3808afec55b2db838742527c40b4ce68b9b64feedff0fd0123f4b19a/greenlet-3.2.1-cp313-cp313-macosx_11_0_universal2.whl", hash = "sha256:e1967882f0c42eaf42282a87579685c8673c51153b845fde1ee81be720ae27ac", size = 269119 },
    { url = "https://files.pythonhosted.org/packages/b0/f3/1c4e27fbdc84e13f05afc2baf605e704668ffa26e73a43eca93e1120813e/greenlet-3.2.1-cp313-cp313-manylinux_2_17_aarch64.manylinux2014_aarch64.whl", hash = "sha256:e77ae69032a95640a5fe8c857ec7bee569a0997e809570f4c92048691ce4b437", size = 637314 },
    { url = "https://files.pythonhosted.org/packages/fc/1a/9fc43cb0044f425f7252da9847893b6de4e3b20c0a748bce7ab3f063d5bc/greenlet-3.2.1-cp313-cp313-manylinux_2_17_ppc64le.manylinux2014_ppc64le.whl", hash = "sha256:3227c6ec1149d4520bc99edac3b9bc8358d0034825f3ca7572165cb502d8f29a", size = 651421 },
    { url = "https://files.pythonhosted.org/packages/8a/65/d47c03cdc62c6680206b7420c4a98363ee997e87a5e9da1e83bd7eeb57a8/greenlet-3.2.1-cp313-cp313-manylinux_2_17_s390x.manylinux2014_s390x.whl", hash = "sha256:0ddda0197c5b46eedb5628d33dad034c455ae77708c7bf192686e760e26d6a0c", size = 645789 },
    { url = "https://files.pythonhosted.org/packages/2f/40/0faf8bee1b106c241780f377b9951dd4564ef0972de1942ef74687aa6bba/greenlet-3.2.1-cp313-cp313-manylinux_2_17_x86_64.manylinux2014_x86_64.whl", hash = "sha256:de62b542e5dcf0b6116c310dec17b82bb06ef2ceb696156ff7bf74a7a498d982", size = 648262 },
    { url = "https://files.pythonhosted.org/packages/e0/a8/73305f713183c2cb08f3ddd32eaa20a6854ba9c37061d682192db9b021c3/greenlet-3.2.1-cp313-cp313-manylinux_2_24_x86_64.manylinux_2_28_x86_64.whl", hash = "sha256:c07a0c01010df42f1f058b3973decc69c4d82e036a951c3deaf89ab114054c07", size = 606770 },
    { url = "https://files.pythonhosted.org/packages/c3/05/7d726e1fb7f8a6ac55ff212a54238a36c57db83446523c763e20cd30b837/greenlet-3.2.1-cp313-cp313-musllinux_1_1_aarch64.whl", hash = "sha256:2530bfb0abcd451ea81068e6d0a1aac6dabf3f4c23c8bd8e2a8f579c2dd60d95", size = 1117960 },
    { url = "https://files.pythonhosted.org/packages/bf/9f/2b6cb1bd9f1537e7b08c08705c4a1d7bd4f64489c67d102225c4fd262bda/greenlet-3.2.1-cp313-cp313-musllinux_1_1_x86_64.whl", hash = "sha256:1c472adfca310f849903295c351d297559462067f618944ce2650a1878b84123", size = 1145500 },
    { url = "https://files.pythonhosted.org/packages/e4/f6/339c6e707062319546598eb9827d3ca8942a3eccc610d4a54c1da7b62527/greenlet-3.2.1-cp313-cp313-win_amd64.whl", hash = "sha256:24a496479bc8bd01c39aa6516a43c717b4cee7196573c47b1f8e1011f7c12495", size = 295994 },
    { url = "https://files.pythonhosted.org/packages/f1/72/2a251d74a596af7bb1717e891ad4275a3fd5ac06152319d7ad8c77f876af/greenlet-3.2.1-cp313-cp313t-manylinux_2_17_aarch64.manylinux2014_aarch64.whl", hash = "sha256:175d583f7d5ee57845591fc30d852b75b144eb44b05f38b67966ed6df05c8526", size = 629889 },
    { url = "https://files.pythonhosted.org/packages/29/2e/d7ed8bf97641bf704b6a43907c0e082cdf44d5bc026eb8e1b79283e7a719/greenlet-3.2.1-cp313-cp313t-manylinux_2_17_ppc64le.manylinux2014_ppc64le.whl", hash = "sha256:3ecc9d33ca9428e4536ea53e79d781792cee114d2fa2695b173092bdbd8cd6d5", size = 635261 },
    { url = "https://files.pythonhosted.org/packages/1e/75/802aa27848a6fcb5e566f69c64534f572e310f0f12d41e9201a81e741551/greenlet-3.2.1-cp313-cp313t-manylinux_2_17_s390x.manylinux2014_s390x.whl", hash = "sha256:3f56382ac4df3860ebed8ed838f268f03ddf4e459b954415534130062b16bc32", size = 632523 },
    { url = "https://files.pythonhosted.org/packages/56/09/f7c1c3bab9b4c589ad356503dd71be00935e9c4db4db516ed88fc80f1187/greenlet-3.2.1-cp313-cp313t-manylinux_2_17_x86_64.manylinux2014_x86_64.whl", hash = "sha256:cc45a7189c91c0f89aaf9d69da428ce8301b0fd66c914a499199cfb0c28420fc", size = 628816 },
    { url = "https://files.pythonhosted.org/packages/79/e0/1bb90d30b5450eac2dffeaac6b692857c4bd642c21883b79faa8fa056cf2/greenlet-3.2.1-cp313-cp313t-manylinux_2_24_x86_64.manylinux_2_28_x86_64.whl", hash = "sha256:51a2f49da08cff79ee42eb22f1658a2aed60c72792f0a0a95f5f0ca6d101b1fb", size = 593687 },
    { url = "https://files.pythonhosted.org/packages/c5/b5/adbe03c8b4c178add20cc716021183ae6b0326d56ba8793d7828c94286f6/greenlet-3.2.1-cp313-cp313t-musllinux_1_1_aarch64.whl", hash = "sha256:0c68bbc639359493420282d2f34fa114e992a8724481d700da0b10d10a7611b8", size = 1105754 },
    { url = "https://files.pythonhosted.org/packages/39/93/84582d7ef38dec009543ccadec6ab41079a6cbc2b8c0566bcd07bf1aaf6c/greenlet-3.2.1-cp313-cp313t-musllinux_1_1_x86_64.whl", hash = "sha256:e775176b5c203a1fa4be19f91da00fd3bff536868b77b237da3f4daa5971ae5d", size = 1125160 },
    { url = "https://files.pythonhosted.org/packages/01/e6/f9d759788518a6248684e3afeb3691f3ab0276d769b6217a1533362298c8/greenlet-3.2.1-cp314-cp314-macosx_11_0_universal2.whl", hash = "sha256:d6668caf15f181c1b82fb6406f3911696975cc4c37d782e19cb7ba499e556189", size = 269897 },
]

[[package]]
name = "inflect"
version = "7.5.0"
source = { registry = "https://pypi.org/simple" }
dependencies = [
    { name = "more-itertools" },
    { name = "typeguard" },
]
sdist = { url = "https://files.pythonhosted.org/packages/78/c6/943357d44a21fd995723d07ccaddd78023eace03c1846049a2645d4324a3/inflect-7.5.0.tar.gz", hash = "sha256:faf19801c3742ed5a05a8ce388e0d8fe1a07f8d095c82201eb904f5d27ad571f", size = 73751 }
wheels = [
    { url = "https://files.pythonhosted.org/packages/8a/eb/427ed2b20a38a4ee29f24dbe4ae2dafab198674fe9a85e3d6adf9e5f5f41/inflect-7.5.0-py3-none-any.whl", hash = "sha256:2aea70e5e70c35d8350b8097396ec155ffd68def678c7ff97f51aa69c1d92344", size = 35197 },
]

[[package]]
name = "metadata-to-erd"
version = "0.1.0"
source = { virtual = "." }
dependencies = [
    { name = "fire" },
    { name = "inflect" },
    { name = "pg8000" },
    { name = "pymysql" },
    { name = "python-dotenv" },
    { name = "sqlalchemy" },
]

[package.metadata]
requires-dist = [
    { name = "fire", specifier = ">=0.7.0" },
    { name = "inflect", specifier = ">=7.5.0" },
    { name = "pg8000", specifier = ">=1.31.2" },
    { name = "pymysql", specifier = ">=1.1.1" },
    { name = "python-dotenv", specifier = ">=1.1.0" },
    { name = "sqlalchemy", specifier = ">=2.0.40" },
]

[[package]]
name = "more-itertools"
version = "10.7.0"
source = { registry = "https://pypi.org/simple" }
sdist = { url = "https://files.pythonhosted.org/packages/ce/a0/834b0cebabbfc7e311f30b46c8188790a37f89fc8d756660346fe5abfd09/more_itertools-10.7.0.tar.gz", hash = "sha256:9fddd5403be01a94b204faadcff459ec3568cf110265d3c54323e1e866ad29d3", size = 127671 }
wheels = [
    { url = "https://files.pythonhosted.org/packages/2b/9f/7ba6f94fc1e9ac3d2b853fdff3035fb2fa5afbed898c4a72b8a020610594/more_itertools-10.7.0-py3-none-any.whl", hash = "sha256:d43980384673cb07d2f7d2d918c616b30c659c089ee23953f601d6609c67510e", size = 65278 },
]

[[package]]
name = "pg8000"
version = "1.31.2"
source = { registry = "https://pypi.org/simple" }
dependencies = [
    { name = "python-dateutil" },
    { name = "scramp" },
]
sdist = { url = "https://files.pythonhosted.org/packages/0f/d7/0554640cbe3e193184796bedb6de23f797c03958425176faf0e694c06eb0/pg8000-1.31.2.tar.gz", hash = "sha256:1ea46cf09d8eca07fe7eaadefd7951e37bee7fabe675df164f1a572ffb300876", size = 113513 }
wheels = [
    { url = "https://files.pythonhosted.org/packages/09/a0/2b30d52017c4ced8fc107386666ea7573954eb708bf66121f0229df05d41/pg8000-1.31.2-py3-none-any.whl", hash = "sha256:436c771ede71af4d4c22ba867a30add0bc5c942d7ab27fadbb6934a487ecc8f6", size = 54494 },
]

[[package]]
name = "pymysql"
version = "1.1.1"
source = { registry = "https://pypi.org/simple" }
sdist = { url = "https://files.pythonhosted.org/packages/b3/8f/ce59b5e5ed4ce8512f879ff1fa5ab699d211ae2495f1adaa5fbba2a1eada/pymysql-1.1.1.tar.gz", hash = "sha256:e127611aaf2b417403c60bf4dc570124aeb4a57f5f37b8e95ae399a42f904cd0", size = 47678 }
wheels = [
    { url = "https://files.pythonhosted.org/packages/0c/94/e4181a1f6286f545507528c78016e00065ea913276888db2262507693ce5/PyMySQL-1.1.1-py3-none-any.whl", hash = "sha256:4de15da4c61dc132f4fb9ab763063e693d521a80fd0e87943b9a453dd4c19d6c", size = 44972 },
]

[[package]]
name = "python-dateutil"
version = "2.9.0.post0"
source = { registry = "https://pypi.org/simple" }
dependencies = [
    { name = "six" },
]
sdist = { url = "https://files.pythonhosted.org/packages/66/c0/0c8b6ad9f17a802ee498c46e004a0eb49bc148f2fd230864601a86dcf6db/python-dateutil-2.9.0.post0.tar.gz", hash = "sha256:37dd54208da7e1cd875388217d5e00ebd4179249f90fb72437e91a35459a0ad3", size = 342432 }
wheels = [
    { url = "https://files.pythonhosted.org/packages/ec/57/56b9bcc3c9c6a792fcbaf139543cee77261f3651ca9da0c93f5c1221264b/python_dateutil-2.9.0.post0-py2.py3-none-any.whl", hash = "sha256:a8b2bc7bffae282281c8140a97d3aa9c14da0b136dfe83f850eea9a5f7470427", size = 229892 },
]

[[package]]
name = "python-dotenv"
version = "1.1.0"
source = { registry = "https://pypi.org/simple" }
sdist = { url = "https://files.pythonhosted.org/packages/88/2c/7bb1416c5620485aa793f2de31d3df393d3686aa8a8506d11e10e13c5baf/python_dotenv-1.1.0.tar.gz", hash = "sha256:41f90bc6f5f177fb41f53e87666db362025010eb28f60a01c9143bfa33a2b2d5", size = 39920 }
wheels = [
    { url = "https://files.pythonhosted.org/packages/1e/18/98a99ad95133c6a6e2005fe89faedf294a748bd5dc803008059409ac9b1e/python_dotenv-1.1.0-py3-none-any.whl", hash = "sha256:d7c01d9e2293916c18baf562d95698754b0dbbb5e74d457c45d4f6561fb9d55d", size = 20256 },
]

[[package]]
name = "scramp"
version = "1.4.5"
source = { registry = "https://pypi.org/simple" }
dependencies = [
    { name = "asn1crypto" },
]
sdist = { url = "https://files.pythonhosted.org/packages/f9/fa/8f1b99c3f875f334ac782e173ec03c35c246ec7a94fc5dd85153bc1d8285/scramp-1.4.5.tar.gz", hash = "sha256:be3fbe774ca577a7a658117dca014e5d254d158cecae3dd60332dfe33ce6d78e", size = 16169 }
wheels = [
    { url = "https://files.pythonhosted.org/packages/d9/9f/8b2f2749ccfbe4fcef08650896ac47ed919ff25b7ac57b7a1ae7da16c8c3/scramp-1.4.5-py3-none-any.whl", hash = "sha256:50e37c464fc67f37994e35bee4151e3d8f9320e9c204fca83a5d313c121bbbe7", size = 12781 },
]

[[package]]
name = "six"
version = "1.17.0"
source = { registry = "https://pypi.org/simple" }
sdist = { url = "https://files.pythonhosted.org/packages/94/e7/b2c673351809dca68a0e064b6af791aa332cf192da575fd474ed7d6f16a2/six-1.17.0.tar.gz", hash = "sha256:ff70335d468e7eb6ec65b95b99d3a2836546063f63acc5171de367e834932a81", size = 34031 }
wheels = [
    { url = "https://files.pythonhosted.org/packages/b7/ce/149a00dd41f10bc29e5921b496af8b574d8413afcd5e30dfa0ed46c2cc5e/six-1.17.0-py2.py3-none-any.whl", hash = "sha256:4721f391ed90541fddacab5acf947aa0d3dc7d27b2e1e8eda2be8970586c3274", size = 11050 },
]

[[package]]
name = "sqlalchemy"
version = "2.0.40"
source = { registry = "https://pypi.org/simple" }
dependencies = [
    { name = "greenlet", marker = "(python_full_version < '3.14' and platform_machine == 'AMD64') or (python_full_version < '3.14' and platform_machine == 'WIN32') or (python_full_version < '3.14' and platform_machine == 'aarch64') or (python_full_version < '3.14' and platform_machine == 'amd64') or (python_full_version < '3.14' and platform_machine == 'ppc64le') or (python_full_version < '3.14' and platform_machine == 'win32') or (python_full_version < '3.14' and platform_machine == 'x86_64')" },
    { name = "typing-extensions" },
]
sdist = { url = "https://files.pythonhosted.org/packages/68/c3/3f2bfa5e4dcd9938405fe2fab5b6ab94a9248a4f9536ea2fd497da20525f/sqlalchemy-2.0.40.tar.gz", hash = "sha256:d827099289c64589418ebbcaead0145cd19f4e3e8a93919a0100247af245fa00", size = 9664299 }
wheels = [
    { url = "https://files.pythonhosted.org/packages/8c/18/4e3a86cc0232377bc48c373a9ba6a1b3fb79ba32dbb4eda0b357f5a2c59d/sqlalchemy-2.0.40-cp313-cp313-macosx_10_13_x86_64.whl", hash = "sha256:915866fd50dd868fdcc18d61d8258db1bf9ed7fbd6dfec960ba43365952f3b01", size = 2107887 },
    { url = "https://files.pythonhosted.org/packages/cb/60/9fa692b1d2ffc4cbd5f47753731fd332afed30137115d862d6e9a1e962c7/sqlalchemy-2.0.40-cp313-cp313-macosx_11_0_arm64.whl", hash = "sha256:4a4c5a2905a9ccdc67a8963e24abd2f7afcd4348829412483695c59e0af9a705", size = 2098367 },
    { url = "https://files.pythonhosted.org/packages/4c/9f/84b78357ca641714a439eb3fbbddb17297dacfa05d951dbf24f28d7b5c08/sqlalchemy-2.0.40-cp313-cp313-manylinux_2_17_aarch64.manylinux2014_aarch64.whl", hash = "sha256:55028d7a3ebdf7ace492fab9895cbc5270153f75442a0472d8516e03159ab364", size = 3184806 },
    { url = "https://files.pythonhosted.org/packages/4b/7d/e06164161b6bfce04c01bfa01518a20cccbd4100d5c951e5a7422189191a/sqlalchemy-2.0.40-cp313-cp313-manylinux_2_17_x86_64.manylinux2014_x86_64.whl", hash = "sha256:6cfedff6878b0e0d1d0a50666a817ecd85051d12d56b43d9d425455e608b5ba0", size = 3198131 },
    { url = "https://files.pythonhosted.org/packages/6d/51/354af20da42d7ec7b5c9de99edafbb7663a1d75686d1999ceb2c15811302/sqlalchemy-2.0.40-cp313-cp313-musllinux_1_2_aarch64.whl", hash = "sha256:bb19e30fdae77d357ce92192a3504579abe48a66877f476880238a962e5b96db", size = 3131364 },
    { url = "https://files.pythonhosted.org/packages/7a/2f/48a41ff4e6e10549d83fcc551ab85c268bde7c03cf77afb36303c6594d11/sqlalchemy-2.0.40-cp313-cp313-musllinux_1_2_x86_64.whl", hash = "sha256:16d325ea898f74b26ffcd1cf8c593b0beed8714f0317df2bed0d8d1de05a8f26", size = 3159482 },
    { url = "https://files.pythonhosted.org/packages/33/ac/e5e0a807163652a35be878c0ad5cfd8b1d29605edcadfb5df3c512cdf9f3/sqlalchemy-2.0.40-cp313-cp313-win32.whl", hash = "sha256:a669cbe5be3c63f75bcbee0b266779706f1a54bcb1000f302685b87d1b8c1500", size = 2080704 },
    { url = "https://files.pythonhosted.org/packages/1c/cb/f38c61f7f2fd4d10494c1c135ff6a6ddb63508d0b47bccccd93670637309/sqlalchemy-2.0.40-cp313-cp313-win_amd64.whl", hash = "sha256:641ee2e0834812d657862f3a7de95e0048bdcb6c55496f39c6fa3d435f6ac6ad", size = 2104564 },
    { url = "https://files.pythonhosted.org/packages/d1/7c/5fc8e802e7506fe8b55a03a2e1dab156eae205c91bee46305755e086d2e2/sqlalchemy-2.0.40-py3-none-any.whl", hash = "sha256:32587e2e1e359276957e6fe5dad089758bc042a971a8a09ae8ecf7a8fe23d07a", size = 1903894 },
]

[[package]]
name = "termcolor"
version = "3.0.1"
source = { registry = "https://pypi.org/simple" }
sdist = { url = "https://files.pythonhosted.org/packages/f8/b6/8e2aaa8aeb570b5cc955cd913b083d96c5447bbe27eaf330dfd7cc8e3329/termcolor-3.0.1.tar.gz", hash = "sha256:a6abd5c6e1284cea2934443ba806e70e5ec8fd2449021be55c280f8a3731b611", size = 12935 }
wheels = [
    { url = "https://files.pythonhosted.org/packages/a6/7e/a574ccd49ad07e8b117407bac361f1e096b01f1b620365daf60ff702c936/termcolor-3.0.1-py3-none-any.whl", hash = "sha256:da1ed4ec8a5dc5b2e17476d859febdb3cccb612be1c36e64511a6f2485c10c69", size = 7157 },
]

[[package]]
name = "typeguard"
version = "4.4.2"
source = { registry = "https://pypi.org/simple" }
dependencies = [
    { name = "typing-extensions" },
]
sdist = { url = "https://files.pythonhosted.org/packages/70/60/8cd6a3d78d00ceeb2193c02b7ed08f063d5341ccdfb24df88e61f383048e/typeguard-4.4.2.tar.gz", hash = "sha256:a6f1065813e32ef365bc3b3f503af8a96f9dd4e0033a02c28c4a4983de8c6c49", size = 75746 }
wheels = [
    { url = "https://files.pythonhosted.org/packages/cf/4b/9a77dc721aa0b7f74440a42e4ef6f9a4fae7324e17f64f88b96f4c25cc05/typeguard-4.4.2-py3-none-any.whl", hash = "sha256:77a78f11f09777aeae7fa08585f33b5f4ef0e7335af40005b0c422ed398ff48c", size = 35801 },
]

[[package]]
name = "typing-extensions"
version = "4.13.2"
source = { registry = "https://pypi.org/simple" }
sdist = { url = "https://files.pythonhosted.org/packages/f6/37/23083fcd6e35492953e8d2aaaa68b860eb422b34627b13f2ce3eb6106061/typing_extensions-4.13.2.tar.gz", hash = "sha256:e6c81219bd689f51865d9e372991c540bda33a0379d5573cddb9a3a23f7caaef", size = 106967 }
wheels = [
    { url = "https://files.pythonhosted.org/packages/8b/54/b1ae86c0973cc6f0210b53d508ca3641fb6d0c56823f288d108bc7ab3cc8/typing_extensions-4.13.2-py3-none-any.whl", hash = "sha256:a439e7c04b49fec3e5d3e2beaa21755cadbbdc391694e28ccdd36ca4a1408f8c", size = 45806 },
]
